
Microsoft Visual Studio Solution File, Format Version 12.00
# Visual Studio Version 17
VisualStudioVersion = 17.14.36623.8
MinimumVisualStudioVersion = 10.0.40219.1
Project("{FAE04EC0-301F-11D3-BF4B-00C04F79EFBC}") = "Denis1", "Denis1.csproj", "{CDC1B319-56F9-4DAF-93EB-0DEBD1CF5F7B}"
EndProject
Project("{FAE04EC0-301F-11D3-BF4B-00C04F79EFBC}") = "BaseApi", "..\BaseApi\BaseApi.csproj", "{C6AD6DF9-3C71-45EF-B9ED-0E25AA0A9163}"
EndProject
Global
	GlobalSection(SolutionConfigurationPlatforms) = preSolution
		Debug|Any CPU = Debug|Any CPU
		Release|Any CPU = Release|Any CPU
	EndGlobalSection
	GlobalSection(ProjectConfigurationPlatforms) = postSolution
		{CDC1B319-56F9-4DAF-93EB-0DEBD1CF5F7B}.Debug|Any CPU.ActiveCfg = Debug|Any CPU
		{CDC1B319-56F9-4DAF-93EB-0DEBD1CF5F7B}.Debug|Any CPU.Build.0 = Debug|Any CPU
		{CDC1B319-56F9-4DAF-93EB-0DEBD1CF5F7B}.Release|Any CPU.ActiveCfg = Release|Any CPU
		{CDC1B319-56F9-4DAF-93EB-0DEBD1CF5F7B}.Release|Any CPU.Build.0 = Release|Any CPU
		{C6AD6DF9-3C71-45EF-B9ED-0E25AA0A9163}.Debug|Any CPU.ActiveCfg = Debug|Any CPU
		{C6AD6DF9-3C71-45EF-B9ED-0E25AA0A9163}.Debug|Any CPU.Build.0 = Debug|Any CPU
		{C6AD6DF9-3C71-45EF-B9ED-0E25AA0A9163}.Release|Any CPU.ActiveCfg = Release|Any CPU
		{C6AD6DF9-3C71-45EF-B9ED-0E25AA0A9163}.Release|Any CPU.Build.0 = Release|Any CPU
	EndGlobalSection
	GlobalSection(SolutionProperties) = preSolution
		HideSolutionNode = FALSE
	EndGlobalSection
	GlobalSection(ExtensibilityGlobals) = postSolution
		SolutionGuid = {349BE076-BF7F-43D7-8135-6B93EFB8F68F}
	EndGlobalSection
EndGlobal
